
Microsoft Visual Studio Solution File, Format Version 12.00
# Visual Studio Version 16
VisualStudioVersion = 16.0.29609.76
MinimumVisualStudioVersion = 10.0.40219.1
Project("{FAE04EC0-301F-11D3-BF4B-00C04F79EFBC}") = "Task8", "Task8\Task8.csproj", "{D67DA6B4-39B5-4248-8542-BC47DA4E9F6C}"
EndProject
Global
	GlobalSection(SolutionConfigurationPlatforms) = preSolution
		Debug|Any CPU = Debug|Any CPU
		Release|Any CPU = Release|Any CPU
	EndGlobalSection
	GlobalSection(ProjectConfigurationPlatforms) = postSolution
		{D67DA6B4-39B5-4248-8542-BC47DA4E9F6C}.Debug|Any CPU.ActiveCfg = Debug|Any CPU
		{D67DA6B4-39B5-4248-8542-BC47DA4E9F6C}.Debug|Any CPU.Build.0 = Debug|Any CPU
		{D67DA6B4-39B5-4248-8542-BC47DA4E9F6C}.Release|Any CPU.ActiveCfg = Release|Any CPU
		{D67DA6B4-39B5-4248-8542-BC47DA4E9F6C}.Release|Any CPU.Build.0 = Release|Any CPU
	EndGlobalSection
	GlobalSection(SolutionProperties) = preSolution
		HideSolutionNode = FALSE
	EndGlobalSection
	GlobalSection(ExtensibilityGlobals) = postSolution
		SolutionGuid = {FB90F98F-46C5-454F-B14C-737AC1ECAD75}
	EndGlobalSection
EndGlobal
